// !$*UTF8*$!
{
	archiveVersion = 1;
	classes = {
	};
	objectVersion = 56;
	objects = {

/* Begin PBXBuildFile section */
		37441E40296F1A8200F84665 /* ReminderViewController.swift in Sources */ = {isa = PBXBuildFile; fileRef = 37441E3F296F1A8200F84665 /* ReminderViewController.swift */; };
		37AF2483296CC7EA00376060 /* AppDelegate.swift in Sources */ = {isa = PBXBuildFile; fileRef = 37AF2482296CC7EA00376060 /* AppDelegate.swift */; };
		37AF2485296CC7EA00376060 /* SceneDelegate.swift in Sources */ = {isa = PBXBuildFile; fileRef = 37AF2484296CC7EA00376060 /* SceneDelegate.swift */; };
		37AF2487296CC7EA00376060 /* ReminderListViewController.swift in Sources */ = {isa = PBXBuildFile; fileRef = 37AF2486296CC7EA00376060 /* ReminderListViewController.swift */; };
		37AF248A296CC7EA00376060 /* Main.storyboard in Resources */ = {isa = PBXBuildFile; fileRef = 37AF2488296CC7EA00376060 /* Main.storyboard */; };
		37AF248C296CC7EC00376060 /* Assets.xcassets in Resources */ = {isa = PBXBuildFile; fileRef = 37AF248B296CC7EC00376060 /* Assets.xcassets */; };
		37AF248F296CC7EC00376060 /* LaunchScreen.storyboard in Resources */ = {isa = PBXBuildFile; fileRef = 37AF248D296CC7EC00376060 /* LaunchScreen.storyboard */; };
		37AF2497296CC84D00376060 /* Reminder.swift in Sources */ = {isa = PBXBuildFile; fileRef = 37AF2496296CC84D00376060 /* Reminder.swift */; };
		37EC8EA9296DBBCB00928623 /* Date+extension.swift in Sources */ = {isa = PBXBuildFile; fileRef = 37EC8EA8296DBBCB00928623 /* Date+extension.swift */; };
		37EC8EAB296DBED200928623 /* UIColor+extension.swift in Sources */ = {isa = PBXBuildFile; fileRef = 37EC8EAA296DBED200928623 /* UIColor+extension.swift */; };
		37EC8EAE296DCA1B00928623 /* Array+extension.swift in Sources */ = {isa = PBXBuildFile; fileRef = 37EC8EAD296DCA1B00928623 /* Array+extension.swift */; };
		37EC8EB0296DCA9D00928623 /* ReminderDoneButton.swift in Sources */ = {isa = PBXBuildFile; fileRef = 37EC8EAF296DCA9D00928623 /* ReminderDoneButton.swift */; };
/* End PBXBuildFile section */

/* Begin PBXFileReference section */
		37441E3F296F1A8200F84665 /* ReminderViewController.swift */ = {isa = PBXFileReference; lastKnownFileType = sourcecode.swift; path = ReminderViewController.swift; sourceTree = "<group>"; };
		37AF247F296CC7EA00376060 /* ReminderList.app */ = {isa = PBXFileReference; explicitFileType = wrapper.application; includeInIndex = 0; path = ReminderList.app; sourceTree = BUILT_PRODUCTS_DIR; };
		37AF2482296CC7EA00376060 /* AppDelegate.swift */ = {isa = PBXFileReference; lastKnownFileType = sourcecode.swift; path = AppDelegate.swift; sourceTree = "<group>"; };
		37AF2484296CC7EA00376060 /* SceneDelegate.swift */ = {isa = PBXFileReference; lastKnownFileType = sourcecode.swift; path = SceneDelegate.swift; sourceTree = "<group>"; };
		37AF2486296CC7EA00376060 /* ReminderListViewController.swift */ = {isa = PBXFileReference; lastKnownFileType = sourcecode.swift; path = ReminderListViewController.swift; sourceTree = "<group>"; };
		37AF2489296CC7EA00376060 /* Base */ = {isa = PBXFileReference; lastKnownFileType = file.storyboard; name = Base; path = Base.lproj/Main.storyboard; sourceTree = "<group>"; };
		37AF248B296CC7EC00376060 /* Assets.xcassets */ = {isa = PBXFileReference; lastKnownFileType = folder.assetcatalog; path = Assets.xcassets; sourceTree = "<group>"; };
		37AF248E296CC7EC00376060 /* Base */ = {isa = PBXFileReference; lastKnownFileType = file.storyboard; name = Base; path = Base.lproj/LaunchScreen.storyboard; sourceTree = "<group>"; };
		37AF2490296CC7EC00376060 /* Info.plist */ = {isa = PBXFileReference; lastKnownFileType = text.plist.xml; path = Info.plist; sourceTree = "<group>"; };
		37AF2496296CC84D00376060 /* Reminder.swift */ = {isa = PBXFileReference; lastKnownFileType = sourcecode.swift; path = Reminder.swift; sourceTree = "<group>"; };
		37EC8EA8296DBBCB00928623 /* Date+extension.swift */ = {isa = PBXFileReference; lastKnownFileType = sourcecode.swift; path = "Date+extension.swift"; sourceTree = "<group>"; };
		37EC8EAA296DBED200928623 /* UIColor+extension.swift */ = {isa = PBXFileReference; lastKnownFileType = sourcecode.swift; path = "UIColor+extension.swift"; sourceTree = "<group>"; };
		37EC8EAD296DCA1B00928623 /* Array+extension.swift */ = {isa = PBXFileReference; lastKnownFileType = sourcecode.swift; path = "Array+extension.swift"; sourceTree = "<group>"; };
		37EC8EAF296DCA9D00928623 /* ReminderDoneButton.swift */ = {isa = PBXFileReference; lastKnownFileType = sourcecode.swift; path = ReminderDoneButton.swift; sourceTree = "<group>"; };
/* End PBXFileReference section */

/* Begin PBXFrameworksBuildPhase section */
		37AF247C296CC7EA00376060 /* Frameworks */ = {
			isa = PBXFrameworksBuildPhase;
			buildActionMask = 2147483647;
			files = (
			);
			runOnlyForDeploymentPostprocessing = 0;
		};
/* End PBXFrameworksBuildPhase section */

/* Begin PBXGroup section */
		37AF2476296CC7EA00376060 = {
			isa = PBXGroup;
			children = (
				37AF2481296CC7EA00376060 /* ReminderList */,
				37AF2480296CC7EA00376060 /* Products */,
			);
			sourceTree = "<group>";
		};
		37AF2480296CC7EA00376060 /* Products */ = {
			isa = PBXGroup;
			children = (
				37AF247F296CC7EA00376060 /* ReminderList.app */,
			);
			name = Products;
			sourceTree = "<group>";
		};
		37AF2481296CC7EA00376060 /* ReminderList */ = {
			isa = PBXGroup;
			children = (
				37AF2482296CC7EA00376060 /* AppDelegate.swift */,
				37AF2484296CC7EA00376060 /* SceneDelegate.swift */,
				37EC8EAC296DBF8100928623 /* Extensions */,
				37AF2486296CC7EA00376060 /* ReminderListViewController.swift */,
				37441E3F296F1A8200F84665 /* ReminderViewController.swift */,
				37EC8EAF296DCA9D00928623 /* ReminderDoneButton.swift */,
				37AF2488296CC7EA00376060 /* Main.storyboard */,
				37AF2498296CC92F00376060 /* Models */,
				37EC8EB1296DCAF200928623 /* Resources */,
			);
			path = ReminderList;
			sourceTree = "<group>";
		};
		37AF2498296CC92F00376060 /* Models */ = {
			isa = PBXGroup;
			children = (
				37AF2496296CC84D00376060 /* Reminder.swift */,
			);
			path = Models;
			sourceTree = "<group>";
		};
		37EC8EAC296DBF8100928623 /* Extensions */ = {
			isa = PBXGroup;
			children = (
				37EC8EA8296DBBCB00928623 /* Date+extension.swift */,
				37EC8EAA296DBED200928623 /* UIColor+extension.swift */,
				37EC8EAD296DCA1B00928623 /* Array+extension.swift */,
			);
			path = Extensions;
			sourceTree = "<group>";
		};
		37EC8EB1296DCAF200928623 /* Resources */ = {
			isa = PBXGroup;
			children = (
				37AF248B296CC7EC00376060 /* Assets.xcassets */,
				37AF248D296CC7EC00376060 /* LaunchScreen.storyboard */,
				37AF2490296CC7EC00376060 /* Info.plist */,
			);
			path = Resources;
			sourceTree = "<group>";
		};
/* End PBXGroup section */

/* Begin PBXNativeTarget section */
		37AF247E296CC7EA00376060 /* ReminderList */ = {
			isa = PBXNativeTarget;
			buildConfigurationList = 37AF2493296CC7EC00376060 /* Build configuration list for PBXNativeTarget "ReminderList" */;
			buildPhases = (
				37AF247B296CC7EA00376060 /* Sources */,
				37AF247C296CC7EA00376060 /* Frameworks */,
				37AF247D296CC7EA00376060 /* Resources */,
			);
			buildRules = (
			);
			dependencies = (
			);
			name = ReminderList;
			productName = ReminderList;
			productReference = 37AF247F296CC7EA00376060 /* ReminderList.app */;
			productType = "com.apple.product-type.application";
		};
/* End PBXNativeTarget section */

/* Begin PBXProject section */
		37AF2477296CC7EA00376060 /* Project object */ = {
			isa = PBXProject;
			attributes = {
				BuildIndependentTargetsInParallel = 1;
				LastSwiftUpdateCheck = 1400;
				LastUpgradeCheck = 1400;
				TargetAttributes = {
					37AF247E296CC7EA00376060 = {
						CreatedOnToolsVersion = 14.0;
					};
				};
			};
			buildConfigurationList = 37AF247A296CC7EA00376060 /* Build configuration list for PBXProject "ReminderList" */;
			compatibilityVersion = "Xcode 14.0";
			developmentRegion = en;
			hasScannedForEncodings = 0;
			knownRegions = (
				en,
				Base,
			);
			mainGroup = 37AF2476296CC7EA00376060;
			productRefGroup = 37AF2480296CC7EA00376060 /* Products */;
			projectDirPath = "";
			projectRoot = "";
			targets = (
				37AF247E296CC7EA00376060 /* ReminderList */,
			);
		};
/* End PBXProject section */

/* Begin PBXResourcesBuildPhase section */
		37AF247D296CC7EA00376060 /* Resources */ = {
			isa = PBXResourcesBuildPhase;
			buildActionMask = 2147483647;
			files = (
				37AF248F296CC7EC00376060 /* LaunchScreen.storyboard in Resources */,
				37AF248C296CC7EC00376060 /* Assets.xcassets in Resources */,
				37AF248A296CC7EA00376060 /* Main.storyboard in Resources */,
			);
			runOnlyForDeploymentPostprocessing = 0;
		};
/* End PBXResourcesBuildPhase section */

/* Begin PBXSourcesBuildPhase section */
		37AF247B296CC7EA00376060 /* Sources */ = {
			isa = PBXSourcesBuildPhase;
			buildActionMask = 2147483647;
			files = (
				37AF2487296CC7EA00376060 /* ReminderListViewController.swift in Sources */,
				37EC8EA9296DBBCB00928623 /* Date+extension.swift in Sources */,
				37AF2483296CC7EA00376060 /* AppDelegate.swift in Sources */,
				37EC8EB0296DCA9D00928623 /* ReminderDoneButton.swift in Sources */,
				37EC8EAB296DBED200928623 /* UIColor+extension.swift in Sources */,
				37441E40296F1A8200F84665 /* ReminderViewController.swift in Sources */,
				37AF2485296CC7EA00376060 /* SceneDelegate.swift in Sources */,
				37EC8EAE296DCA1B00928623 /* Array+extension.swift in Sources */,
				37AF2497296CC84D00376060 /* Reminder.swift in Sources */,
			);
			runOnlyForDeploymentPostprocessing = 0;
		};
/* End PBXSourcesBuildPhase section */

/* Begin PBXVariantGroup section */
		37AF2488296CC7EA00376060 /* Main.storyboard */ = {
			isa = PBXVariantGroup;
			children = (
				37AF2489296CC7EA00376060 /* Base */,
			);
			name = Main.storyboard;
			sourceTree = "<group>";
		};
		37AF248D296CC7EC00376060 /* LaunchScreen.storyboard */ = {
			isa = PBXVariantGroup;
			children = (
				37AF248E296CC7EC00376060 /* Base */,
			);
			name = LaunchScreen.storyboard;
			sourceTree = "<group>";
		};
/* End PBXVariantGroup section */

/* Begin XCBuildConfiguration section */
		37AF2491296CC7EC00376060 /* Debug */ = {
			isa = XCBuildConfiguration;
			buildSettings = {
				ALWAYS_SEARCH_USER_PATHS = NO;
				CLANG_ANALYZER_NONNULL = YES;
				CLANG_ANALYZER_NUMBER_OBJECT_CONVERSION = YES_AGGRESSIVE;
				CLANG_CXX_LANGUAGE_STANDARD = "gnu++20";
				CLANG_ENABLE_MODULES = YES;
				CLANG_ENABLE_OBJC_ARC = YES;
				CLANG_ENABLE_OBJC_WEAK = YES;
				CLANG_WARN_BLOCK_CAPTURE_AUTORELEASING = YES;
				CLANG_WARN_BOOL_CONVERSION = YES;
				CLANG_WARN_COMMA = YES;
				CLANG_WARN_CONSTANT_CONVERSION = YES;
				CLANG_WARN_DEPRECATED_OBJC_IMPLEMENTATIONS = YES;
				CLANG_WARN_DIRECT_OBJC_ISA_USAGE = YES_ERROR;
				CLANG_WARN_DOCUMENTATION_COMMENTS = YES;
				CLANG_WARN_EMPTY_BODY = YES;
				CLANG_WARN_ENUM_CONVERSION = YES;
				CLANG_WARN_INFINITE_RECURSION = YES;
				CLANG_WARN_INT_CONVERSION = YES;
				CLANG_WARN_NON_LITERAL_NULL_CONVERSION = YES;
				CLANG_WARN_OBJC_IMPLICIT_RETAIN_SELF = YES;
				CLANG_WARN_OBJC_LITERAL_CONVERSION = YES;
				CLANG_WARN_OBJC_ROOT_CLASS = YES_ERROR;
				CLANG_WARN_QUOTED_INCLUDE_IN_FRAMEWORK_HEADER = YES;
				CLANG_WARN_RANGE_LOOP_ANALYSIS = YES;
				CLANG_WARN_STRICT_PROTOTYPES = YES;
				CLANG_WARN_SUSPICIOUS_MOVE = YES;
				CLANG_WARN_UNGUARDED_AVAILABILITY = YES_AGGRESSIVE;
				CLANG_WARN_UNREACHABLE_CODE = YES;
				CLANG_WARN__DUPLICATE_METHOD_MATCH = YES;
				COPY_PHASE_STRIP = NO;
				DEBUG_INFORMATION_FORMAT = dwarf;
				ENABLE_STRICT_OBJC_MSGSEND = YES;
				ENABLE_TESTABILITY = YES;
				GCC_C_LANGUAGE_STANDARD = gnu11;
				GCC_DYNAMIC_NO_PIC = NO;
				GCC_NO_COMMON_BLOCKS = YES;
				GCC_OPTIMIZATION_LEVEL = 0;
				GCC_PREPROCESSOR_DEFINITIONS = (
					"DEBUG=1",
					"$(inherited)",
				);
				GCC_WARN_64_TO_32_BIT_CONVERSION = YES;
				GCC_WARN_ABOUT_RETURN_TYPE = YES_ERROR;
				GCC_WARN_UNDECLARED_SELECTOR = YES;
				GCC_WARN_UNINITIALIZED_AUTOS = YES_AGGRESSIVE;
				GCC_WARN_UNUSED_FUNCTION = YES;
				GCC_WARN_UNUSED_VARIABLE = YES;
				IPHONEOS_DEPLOYMENT_TARGET = 16.0;
				MTL_ENABLE_DEBUG_INFO = INCLUDE_SOURCE;
				MTL_FAST_MATH = YES;
				ONLY_ACTIVE_ARCH = YES;
				SDKROOT = iphoneos;
				SWIFT_ACTIVE_COMPILATION_CONDITIONS = DEBUG;
				SWIFT_OPTIMIZATION_LEVEL = "-Onone";
			};
			name = Debug;
		};
		37AF2492296CC7EC00376060 /* Release */ = {
			isa = XCBuildConfiguration;
			buildSettings = {
				ALWAYS_SEARCH_USER_PATHS = NO;
				CLANG_ANALYZER_NONNULL = YES;
				CLANG_ANALYZER_NUMBER_OBJECT_CONVERSION = YES_AGGRESSIVE;
				CLANG_CXX_LANGUAGE_STANDARD = "gnu++20";
				CLANG_ENABLE_MODULES = YES;
				CLANG_ENABLE_OBJC_ARC = YES;
				CLANG_ENABLE_OBJC_WEAK = YES;
				CLANG_WARN_BLOCK_CAPTURE_AUTORELEASING = YES;
				CLANG_WARN_BOOL_CONVERSION = YES;
				CLANG_WARN_COMMA = YES;
				CLANG_WARN_CONSTANT_CONVERSION = YES;
				CLANG_WARN_DEPRECATED_OBJC_IMPLEMENTATIONS = YES;
				CLANG_WARN_DIRECT_OBJC_ISA_USAGE = YES_ERROR;
				CLANG_WARN_DOCUMENTATION_COMMENTS = YES;
				CLANG_WARN_EMPTY_BODY = YES;
				CLANG_WARN_ENUM_CONVERSION = YES;
				CLANG_WARN_INFINITE_RECURSION = YES;
				CLANG_WARN_INT_CONVERSION = YES;
				CLANG_WARN_NON_LITERAL_NULL_CONVERSION = YES;
				CLANG_WARN_OBJC_IMPLICIT_RETAIN_SELF = YES;
				CLANG_WARN_OBJC_LITERAL_CONVERSION = YES;
				CLANG_WARN_OBJC_ROOT_CLASS = YES_ERROR;
				CLANG_WARN_QUOTED_INCLUDE_IN_FRAMEWORK_HEADER = YES;
				CLANG_WARN_RANGE_LOOP_ANALYSIS = YES;
				CLANG_WARN_STRICT_PROTOTYPES = YES;
				CLANG_WARN_SUSPICIOUS_MOVE = YES;
				CLANG_WARN_UNGUARDED_AVAILABILITY = YES_AGGRESSIVE;
				CLANG_WARN_UNREACHABLE_CODE = YES;
				CLANG_WARN__DUPLICATE_METHOD_MATCH = YES;
				COPY_PHASE_STRIP = NO;
				DEBUG_INFORMATION_FORMAT = "dwarf-with-dsym";
				ENABLE_NS_ASSERTIONS = NO;
				ENABLE_STRICT_OBJC_MSGSEND = YES;
				GCC_C_LANGUAGE_STANDARD = gnu11;
				GCC_NO_COMMON_BLOCKS = YES;
				GCC_WARN_64_TO_32_BIT_CONVERSION = YES;
				GCC_WARN_ABOUT_RETURN_TYPE = YES_ERROR;
				GCC_WARN_UNDECLARED_SELECTOR = YES;
				GCC_WARN_UNINITIALIZED_AUTOS = YES_AGGRESSIVE;
				GCC_WARN_UNUSED_FUNCTION = YES;
				GCC_WARN_UNUSED_VARIABLE = YES;
				IPHONEOS_DEPLOYMENT_TARGET = 16.0;
				MTL_ENABLE_DEBUG_INFO = NO;
				MTL_FAST_MATH = YES;
				SDKROOT = iphoneos;
				SWIFT_COMPILATION_MODE = wholemodule;
				SWIFT_OPTIMIZATION_LEVEL = "-O";
				VALIDATE_PRODUCT = YES;
			};
			name = Release;
		};
		37AF2494296CC7EC00376060 /* Debug */ = {
			isa = XCBuildConfiguration;
			buildSettings = {
				ASSETCATALOG_COMPILER_APPICON_NAME = AppIcon;
				ASSETCATALOG_COMPILER_GLOBAL_ACCENT_COLOR_NAME = AccentColor;
				CODE_SIGN_STYLE = Automatic;
				CURRENT_PROJECT_VERSION = 1;
				DEVELOPMENT_TEAM = AQ42MPK6MX;
				GENERATE_INFOPLIST_FILE = YES;
				INFOPLIST_FILE = ReminderList/Resources/Info.plist;
				INFOPLIST_KEY_UIApplicationSupportsIndirectInputEvents = YES;
				INFOPLIST_KEY_UILaunchStoryboardName = LaunchScreen;
				INFOPLIST_KEY_UIMainStoryboardFile = Main;
				INFOPLIST_KEY_UISupportedInterfaceOrientations_iPad = "UIInterfaceOrientationPortrait UIInterfaceOrientationPortraitUpsideDown UIInterfaceOrientationLandscapeLeft UIInterfaceOrientationLandscapeRight";
				INFOPLIST_KEY_UISupportedInterfaceOrientations_iPhone = "UIInterfaceOrientationPortrait UIInterfaceOrientationLandscapeLeft UIInterfaceOrientationLandscapeRight";
				LD_RUNPATH_SEARCH_PATHS = (
					"$(inherited)",
					"@executable_path/Frameworks",
				);
				MARKETING_VERSION = 1.0;
				PRODUCT_BUNDLE_IDENTIFIER = com.tsaidov.ReminderList;
				PRODUCT_NAME = "$(TARGET_NAME)";
				SWIFT_EMIT_LOC_STRINGS = YES;
				SWIFT_VERSION = 5.0;
				TARGETED_DEVICE_FAMILY = "1,2";
			};
			name = Debug;
		};
		37AF2495296CC7EC00376060 /* Release */ = {
			isa = XCBuildConfiguration;
			buildSettings = {
				ASSETCATALOG_COMPILER_APPICON_NAME = AppIcon;
				ASSETCATALOG_COMPILER_GLOBAL_ACCENT_COLOR_NAME = AccentColor;
				CODE_SIGN_STYLE = Automatic;
				CURRENT_PROJECT_VERSION = 1;
				DEVELOPMENT_TEAM = AQ42MPK6MX;
				GENERATE_INFOPLIST_FILE = YES;
				INFOPLIST_FILE = ReminderList/Resources/Info.plist;
				INFOPLIST_KEY_UIApplicationSupportsIndirectInputEvents = YES;
				INFOPLIST_KEY_UILaunchStoryboardName = LaunchScreen;
				INFOPLIST_KEY_UIMainStoryboardFile = Main;
				INFOPLIST_KEY_UISupportedInterfaceOrientations_iPad = "UIInterfaceOrientationPortrait UIInterfaceOrientationPortraitUpsideDown UIInterfaceOrientationLandscapeLeft UIInterfaceOrientationLandscapeRight";
				INFOPLIST_KEY_UISupportedInterfaceOrientations_iPhone = "UIInterfaceOrientationPortrait UIInterfaceOrientationLandscapeLeft UIInterfaceOrientationLandscapeRight";
				LD_RUNPATH_SEARCH_PATHS = (
					"$(inherited)",
					"@executable_path/Frameworks",
				);
				MARKETING_VERSION = 1.0;
				PRODUCT_BUNDLE_IDENTIFIER = com.tsaidov.ReminderList;
				PRODUCT_NAME = "$(TARGET_NAME)";
				SWIFT_EMIT_LOC_STRINGS = YES;
				SWIFT_VERSION = 5.0;
				TARGETED_DEVICE_FAMILY = "1,2";
			};
			name = Release;
		};
/* End XCBuildConfiguration section */

/* Begin XCConfigurationList section */
		37AF247A296CC7EA00376060 /* Build configuration list for PBXProject "ReminderList" */ = {
			isa = XCConfigurationList;
			buildConfigurations = (
				37AF2491296CC7EC00376060 /* Debug */,
				37AF2492296CC7EC00376060 /* Release */,
			);
			defaultConfigurationIsVisible = 0;
			defaultConfigurationName = Release;
		};
		37AF2493296CC7EC00376060 /* Build configuration list for PBXNativeTarget "ReminderList" */ = {
			isa = XCConfigurationList;
			buildConfigurations = (
				37AF2494296CC7EC00376060 /* Debug */,
				37AF2495296CC7EC00376060 /* Release */,
			);
			defaultConfigurationIsVisible = 0;
			defaultConfigurationName = Release;
		};
/* End XCConfigurationList section */
	};
	rootObject = 37AF2477296CC7EA00376060 /* Project object */;
}
